
Microsoft Visual Studio Solution File, Format Version 12.00
# Visual Studio Version 17
VisualStudioVersion = 17.3.32825.248
MinimumVisualStudioVersion = 10.0.40219.1
Project("{8BC9CEB8-8B4A-11D0-8D11-00A0C91BC942}") = "Rectangle", "LESSONCOLLEGE\LESSONCOLLEGE.vcxproj", "{AE3E71FF-8BF0-4DF7-A542-CA23D5E02F73}"
EndProject
Project("{8BC9CEB8-8B4A-11D0-8D11-00A0C91BC942}") = "Triangle", "Triangle\Triangle.vcxproj", "{AAE64E77-965B-4A8D-8390-D053E2453BAF}"
EndProject
Project("{8BC9CEB8-8B4A-11D0-8D11-00A0C91BC942}") = "Details", "Details\Details.vcxproj", "{6F58644A-33DF-4FF5-9CCB-0DDB4B8133DB}"
EndProject
Project("{8BC9CEB8-8B4A-11D0-8D11-00A0C91BC942}") = "SwimmingPool", "SwimmingPool\SwimmingPool.vcxproj", "{C88287CA-9D42-45D4-B6EF-A8F15C6171C5}"
EndProject
Project("{8BC9CEB8-8B4A-11D0-8D11-00A0C91BC942}") = "LP4_1", "LP4_1\LP4_1.vcxproj", "{88EAC6A8-3EEA-4B06-8120-9E213E01F622}"
EndProject
Project("{8BC9CEB8-8B4A-11D0-8D11-00A0C91BC942}") = "LP4_2", "LP4_2\LP4_2.vcxproj", "{6038452E-FA5E-4CFC-AE98-8AF29BBCA094}"
EndProject
Project("{8BC9CEB8-8B4A-11D0-8D11-00A0C91BC942}") = "LP4_3", "LP4_3\LP4_3.vcxproj", "{66C2F156-D838-40BD-B2B6-5477E5C50501}"
EndProject
Project("{8BC9CEB8-8B4A-11D0-8D11-00A0C91BC942}") = "LP4_20", "LP4_20\LP4_20.vcxproj", "{178D1827-F6A1-4419-9931-1A41875CA653}"
EndProject
Project("{8BC9CEB8-8B4A-11D0-8D11-00A0C91BC942}") = "LP5_1", "LP5_1\LP5_1.vcxproj", "{B20275B3-0099-4BC4-8133-E703A6F6AE81}"
EndProject
Project("{8BC9CEB8-8B4A-11D0-8D11-00A0C91BC942}") = "NumberInMaximumNumber", "NumberInMaximumNumber\NumberInMaximumNumber.vcxproj", "{5A534DD5-BA65-4502-BBC4-5DABCAA069A4}"
EndProject
Project("{8BC9CEB8-8B4A-11D0-8D11-00A0C91BC942}") = "LP6_1", "LP6_1\LP6_1.vcxproj", "{450BDBC3-21FA-4468-A493-86C606BC7DB5}"
EndProject
Project("{8BC9CEB8-8B4A-11D0-8D11-00A0C91BC942}") = "LP7", "LP7\LP7.vcxproj", "{70B5D9CF-6A0E-440E-A68C-C094D66FFD3C}"
EndProject
Project("{8BC9CEB8-8B4A-11D0-8D11-00A0C91BC942}") = "LP7_8", "LP7_8\LP7_8.vcxproj", "{2B69A8BB-A6F6-415E-9FD9-C24A213398DE}"
EndProject
Project("{8BC9CEB8-8B4A-11D0-8D11-00A0C91BC942}") = "LP_8", "LP_8\LP_8.vcxproj", "{1588BCB6-E211-4354-A06B-575AF97BBE4C}"
EndProject
Project("{8BC9CEB8-8B4A-11D0-8D11-00A0C91BC942}") = "Files", "Files\Files.vcxproj", "{A4F1044B-75F4-4250-91C9-B0D5C1C2385F}"
EndProject
Project("{8BC9CEB8-8B4A-11D0-8D11-00A0C91BC942}") = "ThisIsIlonMask", "ThisIsIlonMask\ThisIsIlonMask.vcxproj", "{4B69EA64-723B-471A-8B7E-71B84468E386}"
EndProject
Global
	GlobalSection(SolutionConfigurationPlatforms) = preSolution
		Debug|x64 = Debug|x64
		Debug|x86 = Debug|x86
		Release|x64 = Release|x64
		Release|x86 = Release|x86
	EndGlobalSection
	GlobalSection(ProjectConfigurationPlatforms) = postSolution
		{AE3E71FF-8BF0-4DF7-A542-CA23D5E02F73}.Debug|x64.ActiveCfg = Debug|x64
		{AE3E71FF-8BF0-4DF7-A542-CA23D5E02F73}.Debug|x64.Build.0 = Debug|x64
		{AE3E71FF-8BF0-4DF7-A542-CA23D5E02F73}.Debug|x86.ActiveCfg = Debug|Win32
		{AE3E71FF-8BF0-4DF7-A542-CA23D5E02F73}.Debug|x86.Build.0 = Debug|Win32
		{AE3E71FF-8BF0-4DF7-A542-CA23D5E02F73}.Release|x64.ActiveCfg = Release|x64
		{AE3E71FF-8BF0-4DF7-A542-CA23D5E02F73}.Release|x64.Build.0 = Release|x64
		{AE3E71FF-8BF0-4DF7-A542-CA23D5E02F73}.Release|x86.ActiveCfg = Release|Win32
		{AE3E71FF-8BF0-4DF7-A542-CA23D5E02F73}.Release|x86.Build.0 = Release|Win32
		{AAE64E77-965B-4A8D-8390-D053E2453BAF}.Debug|x64.ActiveCfg = Debug|x64
		{AAE64E77-965B-4A8D-8390-D053E2453BAF}.Debug|x64.Build.0 = Debug|x64
		{AAE64E77-965B-4A8D-8390-D053E2453BAF}.Debug|x86.ActiveCfg = Debug|Win32
		{AAE64E77-965B-4A8D-8390-D053E2453BAF}.Debug|x86.Build.0 = Debug|Win32
		{AAE64E77-965B-4A8D-8390-D053E2453BAF}.Release|x64.ActiveCfg = Release|x64
		{AAE64E77-965B-4A8D-8390-D053E2453BAF}.Release|x64.Build.0 = Release|x64
		{AAE64E77-965B-4A8D-8390-D053E2453BAF}.Release|x86.ActiveCfg = Release|Win32
		{AAE64E77-965B-4A8D-8390-D053E2453BAF}.Release|x86.Build.0 = Release|Win32
		{6F58644A-33DF-4FF5-9CCB-0DDB4B8133DB}.Debug|x64.ActiveCfg = Debug|x64
		{6F58644A-33DF-4FF5-9CCB-0DDB4B8133DB}.Debug|x64.Build.0 = Debug|x64
		{6F58644A-33DF-4FF5-9CCB-0DDB4B8133DB}.Debug|x86.ActiveCfg = Debug|Win32
		{6F58644A-33DF-4FF5-9CCB-0DDB4B8133DB}.Debug|x86.Build.0 = Debug|Win32
		{6F58644A-33DF-4FF5-9CCB-0DDB4B8133DB}.Release|x64.ActiveCfg = Release|x64
		{6F58644A-33DF-4FF5-9CCB-0DDB4B8133DB}.Release|x64.Build.0 = Release|x64
		{6F58644A-33DF-4FF5-9CCB-0DDB4B8133DB}.Release|x86.ActiveCfg = Release|Win32
		{6F58644A-33DF-4FF5-9CCB-0DDB4B8133DB}.Release|x86.Build.0 = Release|Win32
		{C88287CA-9D42-45D4-B6EF-A8F15C6171C5}.Debug|x64.ActiveCfg = Debug|x64
		{C88287CA-9D42-45D4-B6EF-A8F15C6171C5}.Debug|x64.Build.0 = Debug|x64
		{C88287CA-9D42-45D4-B6EF-A8F15C6171C5}.Debug|x86.ActiveCfg = Debug|Win32
		{C88287CA-9D42-45D4-B6EF-A8F15C6171C5}.Debug|x86.Build.0 = Debug|Win32
		{C88287CA-9D42-45D4-B6EF-A8F15C6171C5}.Release|x64.ActiveCfg = Release|x64
		{C88287CA-9D42-45D4-B6EF-A8F15C6171C5}.Release|x64.Build.0 = Release|x64
		{C88287CA-9D42-45D4-B6EF-A8F15C6171C5}.Release|x86.ActiveCfg = Release|Win32
		{C88287CA-9D42-45D4-B6EF-A8F15C6171C5}.Release|x86.Build.0 = Release|Win32
		{88EAC6A8-3EEA-4B06-8120-9E213E01F622}.Debug|x64.ActiveCfg = Debug|x64
		{88EAC6A8-3EEA-4B06-8120-9E213E01F622}.Debug|x64.Build.0 = Debug|x64
		{88EAC6A8-3EEA-4B06-8120-9E213E01F622}.Debug|x86.ActiveCfg = Debug|Win32
		{88EAC6A8-3EEA-4B06-8120-9E213E01F622}.Debug|x86.Build.0 = Debug|Win32
		{88EAC6A8-3EEA-4B06-8120-9E213E01F622}.Release|x64.ActiveCfg = Release|x64
		{88EAC6A8-3EEA-4B06-8120-9E213E01F622}.Release|x64.Build.0 = Release|x64
		{88EAC6A8-3EEA-4B06-8120-9E213E01F622}.Release|x86.ActiveCfg = Release|Win32
		{88EAC6A8-3EEA-4B06-8120-9E213E01F622}.Release|x86.Build.0 = Release|Win32
		{6038452E-FA5E-4CFC-AE98-8AF29BBCA094}.Debug|x64.ActiveCfg = Debug|x64
		{6038452E-FA5E-4CFC-AE98-8AF29BBCA094}.Debug|x64.Build.0 = Debug|x64
		{6038452E-FA5E-4CFC-AE98-8AF29BBCA094}.Debug|x86.ActiveCfg = Debug|Win32
		{6038452E-FA5E-4CFC-AE98-8AF29BBCA094}.Debug|x86.Build.0 = Debug|Win32
		{6038452E-FA5E-4CFC-AE98-8AF29BBCA094}.Release|x64.ActiveCfg = Release|x64
		{6038452E-FA5E-4CFC-AE98-8AF29BBCA094}.Release|x64.Build.0 = Release|x64
		{6038452E-FA5E-4CFC-AE98-8AF29BBCA094}.Release|x86.ActiveCfg = Release|Win32
		{6038452E-FA5E-4CFC-AE98-8AF29BBCA094}.Release|x86.Build.0 = Release|Win32
		{66C2F156-D838-40BD-B2B6-5477E5C50501}.Debug|x64.ActiveCfg = Debug|x64
		{66C2F156-D838-40BD-B2B6-5477E5C50501}.Debug|x64.Build.0 = Debug|x64
		{66C2F156-D838-40BD-B2B6-5477E5C50501}.Debug|x86.ActiveCfg = Debug|Win32
		{66C2F156-D838-40BD-B2B6-5477E5C50501}.Debug|x86.Build.0 = Debug|Win32
		{66C2F156-D838-40BD-B2B6-5477E5C50501}.Release|x64.ActiveCfg = Release|x64
		{66C2F156-D838-40BD-B2B6-5477E5C50501}.Release|x64.Build.0 = Release|x64
		{66C2F156-D838-40BD-B2B6-5477E5C50501}.Release|x86.ActiveCfg = Release|Win32
		{66C2F156-D838-40BD-B2B6-5477E5C50501}.Release|x86.Build.0 = Release|Win32
		{178D1827-F6A1-4419-9931-1A41875CA653}.Debug|x64.ActiveCfg = Debug|x64
		{178D1827-F6A1-4419-9931-1A41875CA653}.Debug|x64.Build.0 = Debug|x64
		{178D1827-F6A1-4419-9931-1A41875CA653}.Debug|x86.ActiveCfg = Debug|Win32
		{178D1827-F6A1-4419-9931-1A41875CA653}.Debug|x86.Build.0 = Debug|Win32
		{178D1827-F6A1-4419-9931-1A41875CA653}.Release|x64.ActiveCfg = Release|x64
		{178D1827-F6A1-4419-9931-1A41875CA653}.Release|x64.Build.0 = Release|x64
		{178D1827-F6A1-4419-9931-1A41875CA653}.Release|x86.ActiveCfg = Release|Win32
		{178D1827-F6A1-4419-9931-1A41875CA653}.Release|x86.Build.0 = Release|Win32
		{B20275B3-0099-4BC4-8133-E703A6F6AE81}.Debug|x64.ActiveCfg = Debug|x64
		{B20275B3-0099-4BC4-8133-E703A6F6AE81}.Debug|x64.Build.0 = Debug|x64
		{B20275B3-0099-4BC4-8133-E703A6F6AE81}.Debug|x86.ActiveCfg = Debug|Win32
		{B20275B3-0099-4BC4-8133-E703A6F6AE81}.Debug|x86.Build.0 = Debug|Win32
		{B20275B3-0099-4BC4-8133-E703A6F6AE81}.Release|x64.ActiveCfg = Release|x64
		{B20275B3-0099-4BC4-8133-E703A6F6AE81}.Release|x64.Build.0 = Release|x64
		{B20275B3-0099-4BC4-8133-E703A6F6AE81}.Release|x86.ActiveCfg = Release|Win32
		{B20275B3-0099-4BC4-8133-E703A6F6AE81}.Release|x86.Build.0 = Release|Win32
		{5A534DD5-BA65-4502-BBC4-5DABCAA069A4}.Debug|x64.ActiveCfg = Debug|x64
		{5A534DD5-BA65-4502-BBC4-5DABCAA069A4}.Debug|x64.Build.0 = Debug|x64
		{5A534DD5-BA65-4502-BBC4-5DABCAA069A4}.Debug|x86.ActiveCfg = Debug|Win32
		{5A534DD5-BA65-4502-BBC4-5DABCAA069A4}.Debug|x86.Build.0 = Debug|Win32
		{5A534DD5-BA65-4502-BBC4-5DABCAA069A4}.Release|x64.ActiveCfg = Release|x64
		{5A534DD5-BA65-4502-BBC4-5DABCAA069A4}.Release|x64.Build.0 = Release|x64
		{5A534DD5-BA65-4502-BBC4-5DABCAA069A4}.Release|x86.ActiveCfg = Release|Win32
		{5A534DD5-BA65-4502-BBC4-5DABCAA069A4}.Release|x86.Build.0 = Release|Win32
		{450BDBC3-21FA-4468-A493-86C606BC7DB5}.Debug|x64.ActiveCfg = Debug|x64
		{450BDBC3-21FA-4468-A493-86C606BC7DB5}.Debug|x64.Build.0 = Debug|x64
		{450BDBC3-21FA-4468-A493-86C606BC7DB5}.Debug|x86.ActiveCfg = Debug|Win32
		{450BDBC3-21FA-4468-A493-86C606BC7DB5}.Debug|x86.Build.0 = Debug|Win32
		{450BDBC3-21FA-4468-A493-86C606BC7DB5}.Release|x64.ActiveCfg = Release|x64
		{450BDBC3-21FA-4468-A493-86C606BC7DB5}.Release|x64.Build.0 = Release|x64
		{450BDBC3-21FA-4468-A493-86C606BC7DB5}.Release|x86.ActiveCfg = Release|Win32
		{450BDBC3-21FA-4468-A493-86C606BC7DB5}.Release|x86.Build.0 = Release|Win32
		{70B5D9CF-6A0E-440E-A68C-C094D66FFD3C}.Debug|x64.ActiveCfg = Debug|x64
		{70B5D9CF-6A0E-440E-A68C-C094D66FFD3C}.Debug|x64.Build.0 = Debug|x64
		{70B5D9CF-6A0E-440E-A68C-C094D66FFD3C}.Debug|x86.ActiveCfg = Debug|Win32
		{70B5D9CF-6A0E-440E-A68C-C094D66FFD3C}.Debug|x86.Build.0 = Debug|Win32
		{70B5D9CF-6A0E-440E-A68C-C094D66FFD3C}.Release|x64.ActiveCfg = Release|x64
		{70B5D9CF-6A0E-440E-A68C-C094D66FFD3C}.Release|x64.Build.0 = Release|x64
		{70B5D9CF-6A0E-440E-A68C-C094D66FFD3C}.Release|x86.ActiveCfg = Release|Win32
		{70B5D9CF-6A0E-440E-A68C-C094D66FFD3C}.Release|x86.Build.0 = Release|Win32
		{2B69A8BB-A6F6-415E-9FD9-C24A213398DE}.Debug|x64.ActiveCfg = Debug|x64
		{2B69A8BB-A6F6-415E-9FD9-C24A213398DE}.Debug|x64.Build.0 = Debug|x64
		{2B69A8BB-A6F6-415E-9FD9-C24A213398DE}.Debug|x86.ActiveCfg = Debug|Win32
		{2B69A8BB-A6F6-415E-9FD9-C24A213398DE}.Debug|x86.Build.0 = Debug|Win32
		{2B69A8BB-A6F6-415E-9FD9-C24A213398DE}.Release|x64.ActiveCfg = Release|x64
		{2B69A8BB-A6F6-415E-9FD9-C24A213398DE}.Release|x64.Build.0 = Release|x64
		{2B69A8BB-A6F6-415E-9FD9-C24A213398DE}.Release|x86.ActiveCfg = Release|Win32
		{2B69A8BB-A6F6-415E-9FD9-C24A213398DE}.Release|x86.Build.0 = Release|Win32
		{1588BCB6-E211-4354-A06B-575AF97BBE4C}.Debug|x64.ActiveCfg = Debug|x64
		{1588BCB6-E211-4354-A06B-575AF97BBE4C}.Debug|x64.Build.0 = Debug|x64
		{1588BCB6-E211-4354-A06B-575AF97BBE4C}.Debug|x86.ActiveCfg = Debug|Win32
		{1588BCB6-E211-4354-A06B-575AF97BBE4C}.Debug|x86.Build.0 = Debug|Win32
		{1588BCB6-E211-4354-A06B-575AF97BBE4C}.Release|x64.ActiveCfg = Release|x64
		{1588BCB6-E211-4354-A06B-575AF97BBE4C}.Release|x64.Build.0 = Release|x64
		{1588BCB6-E211-4354-A06B-575AF97BBE4C}.Release|x86.ActiveCfg = Release|Win32
		{1588BCB6-E211-4354-A06B-575AF97BBE4C}.Release|x86.Build.0 = Release|Win32
		{A4F1044B-75F4-4250-91C9-B0D5C1C2385F}.Debug|x64.ActiveCfg = Debug|x64
		{A4F1044B-75F4-4250-91C9-B0D5C1C2385F}.Debug|x64.Build.0 = Debug|x64
		{A4F1044B-75F4-4250-91C9-B0D5C1C2385F}.Debug|x86.ActiveCfg = Debug|Win32
		{A4F1044B-75F4-4250-91C9-B0D5C1C2385F}.Debug|x86.Build.0 = Debug|Win32
		{A4F1044B-75F4-4250-91C9-B0D5C1C2385F}.Release|x64.ActiveCfg = Release|x64
		{A4F1044B-75F4-4250-91C9-B0D5C1C2385F}.Release|x64.Build.0 = Release|x64
		{A4F1044B-75F4-4250-91C9-B0D5C1C2385F}.Release|x86.ActiveCfg = Release|Win32
		{A4F1044B-75F4-4250-91C9-B0D5C1C2385F}.Release|x86.Build.0 = Release|Win32
		{4B69EA64-723B-471A-8B7E-71B84468E386}.Debug|x64.ActiveCfg = Debug|x64
		{4B69EA64-723B-471A-8B7E-71B84468E386}.Debug|x64.Build.0 = Debug|x64
		{4B69EA64-723B-471A-8B7E-71B84468E386}.Debug|x86.ActiveCfg = Debug|Win32
		{4B69EA64-723B-471A-8B7E-71B84468E386}.Debug|x86.Build.0 = Debug|Win32
		{4B69EA64-723B-471A-8B7E-71B84468E386}.Release|x64.ActiveCfg = Release|x64
		{4B69EA64-723B-471A-8B7E-71B84468E386}.Release|x64.Build.0 = Release|x64
		{4B69EA64-723B-471A-8B7E-71B84468E386}.Release|x86.ActiveCfg = Release|Win32
		{4B69EA64-723B-471A-8B7E-71B84468E386}.Release|x86.Build.0 = Release|Win32
	EndGlobalSection
	GlobalSection(SolutionProperties) = preSolution
		HideSolutionNode = FALSE
	EndGlobalSection
	GlobalSection(ExtensibilityGlobals) = postSolution
		SolutionGuid = {C39883C7-B103-448C-ADDE-651BB30EC18B}
	EndGlobalSection
EndGlobal
